
Microsoft Visual Studio Solution File, Format Version 12.00
# Visual Studio 14
VisualStudioVersion = 14.0.24720.0
MinimumVisualStudioVersion = 10.0.40219.1
Project("{FAE04EC0-301F-11D3-BF4B-00C04F79EFBC}") = "IncrementalCompiler", "core\IncrementalCompiler\IncrementalCompiler.csproj", "{44B41B02-CCE7-40BE-8B98-164AEEF1D4B1}"
EndProject
Project("{2150E333-8FDC-42A3-9474-1A3956D46DE8}") = "Core", "Core", "{092669A2-567F-4C73-A01E-AEBA2C733994}"
EndProject
Project("{2150E333-8FDC-42A3-9474-1A3956D46DE8}") = "Extra", "Extra", "{A22672B3-D1C4-47C0-AB82-6D22BBB94BBB}"
EndProject
Project("{FAE04EC0-301F-11D3-BF4B-00C04F79EFBC}") = "CompilerPlugin.Unity4", "extra\CompilerPlugin.Unity4\CompilerPlugin.Unity4.csproj", "{A848498C-64E7-444F-83FD-FCFE42E79E53}"
EndProject
Project("{FAE04EC0-301F-11D3-BF4B-00C04F79EFBC}") = "CompilerPlugin.Unity5", "extra\CompilerPlugin.Unity5\CompilerPlugin.Unity5.csproj", "{67FE81D8-C1BF-4D15-A512-E9E8078DEECF}"
EndProject
Project("{FAE04EC0-301F-11D3-BF4B-00C04F79EFBC}") = "UniversalCompiler", "extra\UniversalCompiler\UniversalCompiler.csproj", "{B19F1DAC-FA9A-4749-9E03-1848D29BFCCD}"
EndProject
Global
	GlobalSection(SolutionConfigurationPlatforms) = preSolution
		Debug|Any CPU = Debug|Any CPU
		Release|Any CPU = Release|Any CPU
	EndGlobalSection
	GlobalSection(ProjectConfigurationPlatforms) = postSolution
		{44B41B02-CCE7-40BE-8B98-164AEEF1D4B1}.Debug|Any CPU.ActiveCfg = Debug|Any CPU
		{44B41B02-CCE7-40BE-8B98-164AEEF1D4B1}.Debug|Any CPU.Build.0 = Debug|Any CPU
		{44B41B02-CCE7-40BE-8B98-164AEEF1D4B1}.Release|Any CPU.ActiveCfg = Release|Any CPU
		{44B41B02-CCE7-40BE-8B98-164AEEF1D4B1}.Release|Any CPU.Build.0 = Release|Any CPU
		{A848498C-64E7-444F-83FD-FCFE42E79E53}.Debug|Any CPU.ActiveCfg = Debug|Any CPU
		{A848498C-64E7-444F-83FD-FCFE42E79E53}.Debug|Any CPU.Build.0 = Debug|Any CPU
		{A848498C-64E7-444F-83FD-FCFE42E79E53}.Release|Any CPU.ActiveCfg = Release|Any CPU
		{A848498C-64E7-444F-83FD-FCFE42E79E53}.Release|Any CPU.Build.0 = Release|Any CPU
		{67FE81D8-C1BF-4D15-A512-E9E8078DEECF}.Debug|Any CPU.ActiveCfg = Debug|Any CPU
		{67FE81D8-C1BF-4D15-A512-E9E8078DEECF}.Debug|Any CPU.Build.0 = Debug|Any CPU
		{67FE81D8-C1BF-4D15-A512-E9E8078DEECF}.Release|Any CPU.ActiveCfg = Release|Any CPU
		{67FE81D8-C1BF-4D15-A512-E9E8078DEECF}.Release|Any CPU.Build.0 = Release|Any CPU
		{B19F1DAC-FA9A-4749-9E03-1848D29BFCCD}.Debug|Any CPU.ActiveCfg = Debug|Any CPU
		{B19F1DAC-FA9A-4749-9E03-1848D29BFCCD}.Debug|Any CPU.Build.0 = Debug|Any CPU
		{B19F1DAC-FA9A-4749-9E03-1848D29BFCCD}.Release|Any CPU.ActiveCfg = Release|Any CPU
		{B19F1DAC-FA9A-4749-9E03-1848D29BFCCD}.Release|Any CPU.Build.0 = Release|Any CPU
	EndGlobalSection
	GlobalSection(SolutionProperties) = preSolution
		HideSolutionNode = FALSE
	EndGlobalSection
	GlobalSection(NestedProjects) = preSolution
		{44B41B02-CCE7-40BE-8B98-164AEEF1D4B1} = {092669A2-567F-4C73-A01E-AEBA2C733994}
		{A848498C-64E7-444F-83FD-FCFE42E79E53} = {A22672B3-D1C4-47C0-AB82-6D22BBB94BBB}
		{67FE81D8-C1BF-4D15-A512-E9E8078DEECF} = {A22672B3-D1C4-47C0-AB82-6D22BBB94BBB}
		{B19F1DAC-FA9A-4749-9E03-1848D29BFCCD} = {A22672B3-D1C4-47C0-AB82-6D22BBB94BBB}
	EndGlobalSection
EndGlobal
