
Microsoft Visual Studio Solution File, Format Version 12.00
# Visual Studio 14
VisualStudioVersion = 14.0.24720.0
MinimumVisualStudioVersion = 10.0.40219.1
Project("{FAE04EC0-301F-11D3-BF4B-00C04F79EFBC}") = "IncrementalCompiler", "core\IncrementalCompiler\IncrementalCompiler.csproj", "{44B41B02-CCE7-40BE-8B98-164AEEF1D4B1}"
EndProject
Project("{2150E333-8FDC-42A3-9474-1A3956D46DE8}") = "Core", "Core", "{092669A2-567F-4C73-A01E-AEBA2C733994}"
EndProject
Project("{2150E333-8FDC-42A3-9474-1A3956D46DE8}") = "Extra", "Extra", "{A22672B3-D1C4-47C0-AB82-6D22BBB94BBB}"
EndProject
Project("{FAE04EC0-301F-11D3-BF4B-00C04F79EFBC}") = "CSharp60Support", "extra\CSharp60Support\CSharp60Support.csproj", "{E8330F9B-BA07-4344-9067-C14B1FB76B26}"
EndProject
Project("{FAE04EC0-301F-11D3-BF4B-00C04F79EFBC}") = "smcs", "extra\smcs\smcs.csproj", "{FAF6CAB7-0C7A-4B64-8662-5BF4944AEA8C}"
EndProject
Global
	GlobalSection(SolutionConfigurationPlatforms) = preSolution
		Debug|Any CPU = Debug|Any CPU
		Release|Any CPU = Release|Any CPU
	EndGlobalSection
	GlobalSection(ProjectConfigurationPlatforms) = postSolution
		{44B41B02-CCE7-40BE-8B98-164AEEF1D4B1}.Debug|Any CPU.ActiveCfg = Debug|Any CPU
		{44B41B02-CCE7-40BE-8B98-164AEEF1D4B1}.Debug|Any CPU.Build.0 = Debug|Any CPU
		{44B41B02-CCE7-40BE-8B98-164AEEF1D4B1}.Release|Any CPU.ActiveCfg = Release|Any CPU
		{44B41B02-CCE7-40BE-8B98-164AEEF1D4B1}.Release|Any CPU.Build.0 = Release|Any CPU
		{E8330F9B-BA07-4344-9067-C14B1FB76B26}.Debug|Any CPU.ActiveCfg = Unity 5 Debug|Any CPU
		{E8330F9B-BA07-4344-9067-C14B1FB76B26}.Debug|Any CPU.Build.0 = Unity 5 Debug|Any CPU
		{E8330F9B-BA07-4344-9067-C14B1FB76B26}.Release|Any CPU.ActiveCfg = Unity 5 Release|Any CPU
		{E8330F9B-BA07-4344-9067-C14B1FB76B26}.Release|Any CPU.Build.0 = Unity 5 Release|Any CPU
		{FAF6CAB7-0C7A-4B64-8662-5BF4944AEA8C}.Debug|Any CPU.ActiveCfg = Debug|Any CPU
		{FAF6CAB7-0C7A-4B64-8662-5BF4944AEA8C}.Debug|Any CPU.Build.0 = Debug|Any CPU
		{FAF6CAB7-0C7A-4B64-8662-5BF4944AEA8C}.Release|Any CPU.ActiveCfg = Release|Any CPU
		{FAF6CAB7-0C7A-4B64-8662-5BF4944AEA8C}.Release|Any CPU.Build.0 = Release|Any CPU
	EndGlobalSection
	GlobalSection(SolutionProperties) = preSolution
		HideSolutionNode = FALSE
	EndGlobalSection
	GlobalSection(NestedProjects) = preSolution
		{44B41B02-CCE7-40BE-8B98-164AEEF1D4B1} = {092669A2-567F-4C73-A01E-AEBA2C733994}
		{E8330F9B-BA07-4344-9067-C14B1FB76B26} = {A22672B3-D1C4-47C0-AB82-6D22BBB94BBB}
		{FAF6CAB7-0C7A-4B64-8662-5BF4944AEA8C} = {A22672B3-D1C4-47C0-AB82-6D22BBB94BBB}
	EndGlobalSection
EndGlobal
